
Microsoft Visual Studio Solution File, Format Version 12.00
# Visual Studio Version 17
VisualStudioVersion = 17.14.36310.24 d17.14
MinimumVisualStudioVersion = 10.0.40219.1
Project("{FAE04EC0-301F-11D3-BF4B-00C04F79EFBC}") = "Application", "Application\Application.csproj", "{1F69DB54-9CAC-48FD-BD06-5C110C78ADED}"
EndProject
Project("{FAE04EC0-301F-11D3-BF4B-00C04F79EFBC}") = "Infrastructure", "Infrastructure\Infrastructure.csproj", "{C043786D-3EE3-4CAE-9AD4-B98D1B4580E4}"
EndProject
Project("{FAE04EC0-301F-11D3-BF4B-00C04F79EFBC}") = "Domain", "Domain\Domain.csproj", "{31A91F7B-56BA-47A3-8934-334B33CC94B6}"
EndProject
Project("{FAE04EC0-301F-11D3-BF4B-00C04F79EFBC}") = "WebUI", "WebUI\WebUI.csproj", "{620CAA4B-FED5-422E-A1FA-7BE23FA889C3}"
EndProject
Global
	GlobalSection(SolutionConfigurationPlatforms) = preSolution
		Debug|Any CPU = Debug|Any CPU
		Release|Any CPU = Release|Any CPU
	EndGlobalSection
	GlobalSection(ProjectConfigurationPlatforms) = postSolution
		{1F69DB54-9CAC-48FD-BD06-5C110C78ADED}.Debug|Any CPU.ActiveCfg = Debug|Any CPU
		{1F69DB54-9CAC-48FD-BD06-5C110C78ADED}.Debug|Any CPU.Build.0 = Debug|Any CPU
		{1F69DB54-9CAC-48FD-BD06-5C110C78ADED}.Release|Any CPU.ActiveCfg = Release|Any CPU
		{1F69DB54-9CAC-48FD-BD06-5C110C78ADED}.Release|Any CPU.Build.0 = Release|Any CPU
		{C043786D-3EE3-4CAE-9AD4-B98D1B4580E4}.Debug|Any CPU.ActiveCfg = Debug|Any CPU
		{C043786D-3EE3-4CAE-9AD4-B98D1B4580E4}.Debug|Any CPU.Build.0 = Debug|Any CPU
		{C043786D-3EE3-4CAE-9AD4-B98D1B4580E4}.Release|Any CPU.ActiveCfg = Release|Any CPU
		{C043786D-3EE3-4CAE-9AD4-B98D1B4580E4}.Release|Any CPU.Build.0 = Release|Any CPU
		{31A91F7B-56BA-47A3-8934-334B33CC94B6}.Debug|Any CPU.ActiveCfg = Debug|Any CPU
		{31A91F7B-56BA-47A3-8934-334B33CC94B6}.Debug|Any CPU.Build.0 = Debug|Any CPU
		{31A91F7B-56BA-47A3-8934-334B33CC94B6}.Release|Any CPU.ActiveCfg = Release|Any CPU
		{31A91F7B-56BA-47A3-8934-334B33CC94B6}.Release|Any CPU.Build.0 = Release|Any CPU
		{620CAA4B-FED5-422E-A1FA-7BE23FA889C3}.Debug|Any CPU.ActiveCfg = Debug|Any CPU
		{620CAA4B-FED5-422E-A1FA-7BE23FA889C3}.Debug|Any CPU.Build.0 = Debug|Any CPU
		{620CAA4B-FED5-422E-A1FA-7BE23FA889C3}.Release|Any CPU.ActiveCfg = Release|Any CPU
		{620CAA4B-FED5-422E-A1FA-7BE23FA889C3}.Release|Any CPU.Build.0 = Release|Any CPU
	EndGlobalSection
	GlobalSection(SolutionProperties) = preSolution
		HideSolutionNode = FALSE
	EndGlobalSection
	GlobalSection(ExtensibilityGlobals) = postSolution
		SolutionGuid = {166393A2-00BC-4024-87B9-5EDCEE4A068C}
	EndGlobalSection
EndGlobal
